
Microsoft Visual Studio Solution File, Format Version 12.00
# Visual Studio Version 17
VisualStudioVersion = 17.9.34616.47
MinimumVisualStudioVersion = 10.0.40219.1
Project("{FAE04EC0-301F-11D3-BF4B-00C04F79EFBC}") = "OutOfOfficeApp.CoreDomain", "src\OutOfOfficeApp.CoreDomain\OutOfOfficeApp.CoreDomain.csproj", "{4767D79E-AD39-4D56-8A6E-D6467E6963B2}"
EndProject
Project("{FAE04EC0-301F-11D3-BF4B-00C04F79EFBC}") = "OutOfOfficeApp.Infrastructure", "src\OutOfOfficeApp.Infrastructure\OutOfOfficeApp.Infrastructure.csproj", "{B8024E8F-D412-4BB0-9493-BF894B50D0E1}"
EndProject
Project("{FAE04EC0-301F-11D3-BF4B-00C04F79EFBC}") = "OutOfOfficeApp.Application", "src\OutOfOfficeApp.Application\OutOfOfficeApp.Application.csproj", "{0F2E7B34-A8F1-4C75-894A-27B432201F5F}"
EndProject
Project("{FAE04EC0-301F-11D3-BF4B-00C04F79EFBC}") = "OutOfOfficeApp.WebUI", "src\OutOfOfficeApp.WebUI\OutOfOfficeApp.WebUI.csproj", "{1C7B6A4A-9BFC-4A01-A84D-545110BCBC76}"
EndProject
Project("{FAE04EC0-301F-11D3-BF4B-00C04F79EFBC}") = "BlazorApp1", "src\BlazorApp1\BlazorApp1.csproj", "{1FD1C496-8504-4CF0-9BD4-D9BCC6F6DB07}"
EndProject
Global
	GlobalSection(SolutionConfigurationPlatforms) = preSolution
		Debug|Any CPU = Debug|Any CPU
		Release|Any CPU = Release|Any CPU
	EndGlobalSection
	GlobalSection(ProjectConfigurationPlatforms) = postSolution
		{4767D79E-AD39-4D56-8A6E-D6467E6963B2}.Debug|Any CPU.ActiveCfg = Debug|Any CPU
		{4767D79E-AD39-4D56-8A6E-D6467E6963B2}.Debug|Any CPU.Build.0 = Debug|Any CPU
		{4767D79E-AD39-4D56-8A6E-D6467E6963B2}.Release|Any CPU.ActiveCfg = Release|Any CPU
		{4767D79E-AD39-4D56-8A6E-D6467E6963B2}.Release|Any CPU.Build.0 = Release|Any CPU
		{B8024E8F-D412-4BB0-9493-BF894B50D0E1}.Debug|Any CPU.ActiveCfg = Debug|Any CPU
		{B8024E8F-D412-4BB0-9493-BF894B50D0E1}.Debug|Any CPU.Build.0 = Debug|Any CPU
		{B8024E8F-D412-4BB0-9493-BF894B50D0E1}.Release|Any CPU.ActiveCfg = Release|Any CPU
		{B8024E8F-D412-4BB0-9493-BF894B50D0E1}.Release|Any CPU.Build.0 = Release|Any CPU
		{0F2E7B34-A8F1-4C75-894A-27B432201F5F}.Debug|Any CPU.ActiveCfg = Debug|Any CPU
		{0F2E7B34-A8F1-4C75-894A-27B432201F5F}.Debug|Any CPU.Build.0 = Debug|Any CPU
		{0F2E7B34-A8F1-4C75-894A-27B432201F5F}.Release|Any CPU.ActiveCfg = Release|Any CPU
		{0F2E7B34-A8F1-4C75-894A-27B432201F5F}.Release|Any CPU.Build.0 = Release|Any CPU
		{1C7B6A4A-9BFC-4A01-A84D-545110BCBC76}.Debug|Any CPU.ActiveCfg = Debug|Any CPU
		{1C7B6A4A-9BFC-4A01-A84D-545110BCBC76}.Debug|Any CPU.Build.0 = Debug|Any CPU
		{1C7B6A4A-9BFC-4A01-A84D-545110BCBC76}.Release|Any CPU.ActiveCfg = Release|Any CPU
		{1C7B6A4A-9BFC-4A01-A84D-545110BCBC76}.Release|Any CPU.Build.0 = Release|Any CPU
		{1FD1C496-8504-4CF0-9BD4-D9BCC6F6DB07}.Debug|Any CPU.ActiveCfg = Debug|Any CPU
		{1FD1C496-8504-4CF0-9BD4-D9BCC6F6DB07}.Debug|Any CPU.Build.0 = Debug|Any CPU
		{1FD1C496-8504-4CF0-9BD4-D9BCC6F6DB07}.Release|Any CPU.ActiveCfg = Release|Any CPU
		{1FD1C496-8504-4CF0-9BD4-D9BCC6F6DB07}.Release|Any CPU.Build.0 = Release|Any CPU
	EndGlobalSection
	GlobalSection(SolutionProperties) = preSolution
		HideSolutionNode = FALSE
	EndGlobalSection
	GlobalSection(ExtensibilityGlobals) = postSolution
		SolutionGuid = {9AF3CCD2-6100-484C-B04E-522801D9F644}
	EndGlobalSection
EndGlobal
